# THIS IS AN AUTOGENERATED FILE. DO NOT EDIT THIS FILE DIRECTLY.
# yarn lockfile v1


file-upload-with-preview@^6.1.2:
  version "6.1.2"
  resolved "https://registry.yarnpkg.com/file-upload-with-preview/-/file-upload-with-preview-6.1.2.tgz#16047ae2e63b2bd5d917161bb93dedbab3ef6ae4"
  integrity sha512-Sd03yr87+YdarhNXL6mlJoEaLUR644RUox9JaG7kXzHA94n35Le245zmXmrZOKIuojHIiEOFpqXkrVaNKxpixQ==
